
Microsoft Visual Studio Solution File, Format Version 12.00
# Visual Studio 15
VisualStudioVersion = 15.0.28307.271
MinimumVisualStudioVersion = 10.0.40219.1
Project("{FAE04EC0-301F-11D3-BF4B-00C04F79EFBC}") = "GenericRepositoryWithDapper", "GenericRepositoryWithDapper\GenericRepositoryWithDapper.csproj", "{F2F63953-1DE8-4B55-83D1-3CE1319687B1}"
EndProject
Project("{FAE04EC0-301F-11D3-BF4B-00C04F79EFBC}") = "Repository", "Repository\Repository.csproj", "{797F740C-4983-4BD6-A3BA-1046ECA39EBB}"
EndProject
Global
	GlobalSection(SolutionConfigurationPlatforms) = preSolution
		Debug|Any CPU = Debug|Any CPU
		Release|Any CPU = Release|Any CPU
	EndGlobalSection
	GlobalSection(ProjectConfigurationPlatforms) = postSolution
		{F2F63953-1DE8-4B55-83D1-3CE1319687B1}.Debug|Any CPU.ActiveCfg = Debug|Any CPU
		{F2F63953-1DE8-4B55-83D1-3CE1319687B1}.Debug|Any CPU.Build.0 = Debug|Any CPU
		{F2F63953-1DE8-4B55-83D1-3CE1319687B1}.Release|Any CPU.ActiveCfg = Release|Any CPU
		{F2F63953-1DE8-4B55-83D1-3CE1319687B1}.Release|Any CPU.Build.0 = Release|Any CPU
		{797F740C-4983-4BD6-A3BA-1046ECA39EBB}.Debug|Any CPU.ActiveCfg = Debug|Any CPU
		{797F740C-4983-4BD6-A3BA-1046ECA39EBB}.Debug|Any CPU.Build.0 = Debug|Any CPU
		{797F740C-4983-4BD6-A3BA-1046ECA39EBB}.Release|Any CPU.ActiveCfg = Release|Any CPU
		{797F740C-4983-4BD6-A3BA-1046ECA39EBB}.Release|Any CPU.Build.0 = Release|Any CPU
	EndGlobalSection
	GlobalSection(SolutionProperties) = preSolution
		HideSolutionNode = FALSE
	EndGlobalSection
	GlobalSection(ExtensibilityGlobals) = postSolution
		SolutionGuid = {BB575094-B5C1-40EE-AF98-8A38171CB7D4}
	EndGlobalSection
EndGlobal
